
Microsoft Visual Studio Solution File, Format Version 12.00
# Visual Studio Version 17
VisualStudioVersion = 17.2.32630.192
MinimumVisualStudioVersion = 10.0.40219.1
Project("{FAE04EC0-301F-11D3-BF4B-00C04F79EFBC}") = "ATM2.0", "ATM2.0.csproj", "{0290E1F6-A034-41D8-8D59-BC5F847908B5}"
EndProject
Global
	GlobalSection(SolutionConfigurationPlatforms) = preSolution
		Debug|Any CPU = Debug|Any CPU
		Release|Any CPU = Release|Any CPU
	EndGlobalSection
	GlobalSection(ProjectConfigurationPlatforms) = postSolution
		{0290E1F6-A034-41D8-8D59-BC5F847908B5}.Debug|Any CPU.ActiveCfg = Debug|Any CPU
		{0290E1F6-A034-41D8-8D59-BC5F847908B5}.Debug|Any CPU.Build.0 = Debug|Any CPU
		{0290E1F6-A034-41D8-8D59-BC5F847908B5}.Release|Any CPU.ActiveCfg = Release|Any CPU
		{0290E1F6-A034-41D8-8D59-BC5F847908B5}.Release|Any CPU.Build.0 = Release|Any CPU
	EndGlobalSection
	GlobalSection(SolutionProperties) = preSolution
		HideSolutionNode = FALSE
	EndGlobalSection
	GlobalSection(ExtensibilityGlobals) = postSolution
		SolutionGuid = {2C949EEF-EDF9-4E8E-A235-2BAAABE251AE}
	EndGlobalSection
EndGlobal
